
Microsoft Visual Studio Solution File, Format Version 12.00
# Visual Studio Version 17
VisualStudioVersion = 17.9.34728.123
MinimumVisualStudioVersion = 10.0.40219.1
Project("{FAE04EC0-301F-11D3-BF4B-00C04F79EFBC}") = "ADDS", "ADDS\ADDS.csproj", "{26E7367D-7C2C-47D1-8F3F-566A8389A217}"
EndProject
Global
	GlobalSection(SolutionConfigurationPlatforms) = preSolution
		Debug|Any CPU = Debug|Any CPU
		Release|Any CPU = Release|Any CPU
	EndGlobalSection
	GlobalSection(ProjectConfigurationPlatforms) = postSolution
		{26E7367D-7C2C-47D1-8F3F-566A8389A217}.Debug|Any CPU.ActiveCfg = Debug|Any CPU
		{26E7367D-7C2C-47D1-8F3F-566A8389A217}.Debug|Any CPU.Build.0 = Debug|Any CPU
		{26E7367D-7C2C-47D1-8F3F-566A8389A217}.Release|Any CPU.ActiveCfg = Release|Any CPU
		{26E7367D-7C2C-47D1-8F3F-566A8389A217}.Release|Any CPU.Build.0 = Release|Any CPU
	EndGlobalSection
	GlobalSection(SolutionProperties) = preSolution
		HideSolutionNode = FALSE
	EndGlobalSection
	GlobalSection(ExtensibilityGlobals) = postSolution
		SolutionGuid = {8E8E02D5-35CA-4A96-BFBF-8E0CA50012A4}
	EndGlobalSection
EndGlobal
